// !$*UTF8*$!
{
	archiveVersion = 1;
	classes = {
	};
	objectVersion = 55;
	objects = {

/* Begin PBXBuildFile section */
		A80DE92C2770736D0068AD6E /* AppDelegate.swift in Sources */ = {isa = PBXBuildFile; fileRef = A80DE92B2770736D0068AD6E /* AppDelegate.swift */; };
		A80DE92E2770736D0068AD6E /* SceneDelegate.swift in Sources */ = {isa = PBXBuildFile; fileRef = A80DE92D2770736D0068AD6E /* SceneDelegate.swift */; };
		A80DE9302770736D0068AD6E /* ViewController.swift in Sources */ = {isa = PBXBuildFile; fileRef = A80DE92F2770736D0068AD6E /* ViewController.swift */; };
		A80DE9332770736D0068AD6E /* Main.storyboard in Resources */ = {isa = PBXBuildFile; fileRef = A80DE9312770736D0068AD6E /* Main.storyboard */; };
		A80DE9352770736F0068AD6E /* Assets.xcassets in Resources */ = {isa = PBXBuildFile; fileRef = A80DE9342770736F0068AD6E /* Assets.xcassets */; };
		A80DE9382770736F0068AD6E /* LaunchScreen.storyboard in Resources */ = {isa = PBXBuildFile; fileRef = A80DE9362770736F0068AD6E /* LaunchScreen.storyboard */; };
		A80DE9452770737E0068AD6E /* ListViewManger.swift in Sources */ = {isa = PBXBuildFile; fileRef = A80DE9402770737E0068AD6E /* ListViewManger.swift */; };
		A80DE9462770737E0068AD6E /* MangerCellModel.swift in Sources */ = {isa = PBXBuildFile; fileRef = A80DE9412770737E0068AD6E /* MangerCellModel.swift */; };
		A80DE9472770737E0068AD6E /* MangerCell.swift in Sources */ = {isa = PBXBuildFile; fileRef = A80DE9422770737E0068AD6E /* MangerCell.swift */; };
		A80DE9482770737E0068AD6E /* LinkageManger.swift in Sources */ = {isa = PBXBuildFile; fileRef = A80DE9442770737E0068AD6E /* LinkageManger.swift */; };
		A80DE94A27707B040068AD6E /* LinkageViewController.swift in Sources */ = {isa = PBXBuildFile; fileRef = A80DE94927707B040068AD6E /* LinkageViewController.swift */; };
		A80DE94C27707C0E0068AD6E /* LinkageModel.swift in Sources */ = {isa = PBXBuildFile; fileRef = A80DE94B27707C0E0068AD6E /* LinkageModel.swift */; };
		A80DE94E277086B20068AD6E /* LinkageTitleView.swift in Sources */ = {isa = PBXBuildFile; fileRef = A80DE94D277086B20068AD6E /* LinkageTitleView.swift */; };
		A80DE9502771743E0068AD6E /* TestTableViewController.swift in Sources */ = {isa = PBXBuildFile; fileRef = A80DE94F2771743E0068AD6E /* TestTableViewController.swift */; };
		A80DE9572771AC140068AD6E /* TestCollectionViewController.swift in Sources */ = {isa = PBXBuildFile; fileRef = A80DE9562771AC140068AD6E /* TestCollectionViewController.swift */; };
		A80DE9592771B85E0068AD6E /* LinkageFullPageLayout.swift in Sources */ = {isa = PBXBuildFile; fileRef = A80DE9582771B85E0068AD6E /* LinkageFullPageLayout.swift */; };
/* End PBXBuildFile section */

/* Begin PBXFileReference section */
		A80DE9282770736D0068AD6E /* HFKit.app */ = {isa = PBXFileReference; explicitFileType = wrapper.application; includeInIndex = 0; path = HFKit.app; sourceTree = BUILT_PRODUCTS_DIR; };
		A80DE92B2770736D0068AD6E /* AppDelegate.swift */ = {isa = PBXFileReference; lastKnownFileType = sourcecode.swift; path = AppDelegate.swift; sourceTree = "<group>"; };
		A80DE92D2770736D0068AD6E /* SceneDelegate.swift */ = {isa = PBXFileReference; lastKnownFileType = sourcecode.swift; path = SceneDelegate.swift; sourceTree = "<group>"; };
		A80DE92F2770736D0068AD6E /* ViewController.swift */ = {isa = PBXFileReference; lastKnownFileType = sourcecode.swift; path = ViewController.swift; sourceTree = "<group>"; };
		A80DE9322770736D0068AD6E /* Base */ = {isa = PBXFileReference; lastKnownFileType = file.storyboard; name = Base; path = Base.lproj/Main.storyboard; sourceTree = "<group>"; };
		A80DE9342770736F0068AD6E /* Assets.xcassets */ = {isa = PBXFileReference; lastKnownFileType = folder.assetcatalog; path = Assets.xcassets; sourceTree = "<group>"; };
		A80DE9372770736F0068AD6E /* Base */ = {isa = PBXFileReference; lastKnownFileType = file.storyboard; name = Base; path = Base.lproj/LaunchScreen.storyboard; sourceTree = "<group>"; };
		A80DE9392770736F0068AD6E /* Info.plist */ = {isa = PBXFileReference; lastKnownFileType = text.plist.xml; path = Info.plist; sourceTree = "<group>"; };
		A80DE9402770737E0068AD6E /* ListViewManger.swift */ = {isa = PBXFileReference; fileEncoding = 4; lastKnownFileType = sourcecode.swift; path = ListViewManger.swift; sourceTree = "<group>"; };
		A80DE9412770737E0068AD6E /* MangerCellModel.swift */ = {isa = PBXFileReference; fileEncoding = 4; lastKnownFileType = sourcecode.swift; path = MangerCellModel.swift; sourceTree = "<group>"; };
		A80DE9422770737E0068AD6E /* MangerCell.swift */ = {isa = PBXFileReference; fileEncoding = 4; lastKnownFileType = sourcecode.swift; path = MangerCell.swift; sourceTree = "<group>"; };
		A80DE9442770737E0068AD6E /* LinkageManger.swift */ = {isa = PBXFileReference; fileEncoding = 4; lastKnownFileType = sourcecode.swift; path = LinkageManger.swift; sourceTree = "<group>"; };
		A80DE94927707B040068AD6E /* LinkageViewController.swift */ = {isa = PBXFileReference; lastKnownFileType = sourcecode.swift; path = LinkageViewController.swift; sourceTree = "<group>"; };
		A80DE94B27707C0E0068AD6E /* LinkageModel.swift */ = {isa = PBXFileReference; lastKnownFileType = sourcecode.swift; path = LinkageModel.swift; sourceTree = "<group>"; };
		A80DE94D277086B20068AD6E /* LinkageTitleView.swift */ = {isa = PBXFileReference; lastKnownFileType = sourcecode.swift; path = LinkageTitleView.swift; sourceTree = "<group>"; };
		A80DE94F2771743E0068AD6E /* TestTableViewController.swift */ = {isa = PBXFileReference; lastKnownFileType = sourcecode.swift; path = TestTableViewController.swift; sourceTree = "<group>"; };
		A80DE9562771AC140068AD6E /* TestCollectionViewController.swift */ = {isa = PBXFileReference; lastKnownFileType = sourcecode.swift; path = TestCollectionViewController.swift; sourceTree = "<group>"; };
		A80DE9582771B85E0068AD6E /* LinkageFullPageLayout.swift */ = {isa = PBXFileReference; lastKnownFileType = sourcecode.swift; path = LinkageFullPageLayout.swift; sourceTree = "<group>"; };
/* End PBXFileReference section */

/* Begin PBXFrameworksBuildPhase section */
		A80DE9252770736D0068AD6E /* Frameworks */ = {
			isa = PBXFrameworksBuildPhase;
			buildActionMask = 2147483647;
			files = (
			);
			runOnlyForDeploymentPostprocessing = 0;
		};
/* End PBXFrameworksBuildPhase section */

/* Begin PBXGroup section */
		A80DE91F2770736D0068AD6E = {
			isa = PBXGroup;
			children = (
				A80DE92A2770736D0068AD6E /* HFKit */,
				A80DE9292770736D0068AD6E /* Products */,
			);
			sourceTree = "<group>";
		};
		A80DE9292770736D0068AD6E /* Products */ = {
			isa = PBXGroup;
			children = (
				A80DE9282770736D0068AD6E /* HFKit.app */,
			);
			name = Products;
			sourceTree = "<group>";
		};
		A80DE92A2770736D0068AD6E /* HFKit */ = {
			isa = PBXGroup;
			children = (
				A80DE9432770737E0068AD6E /* HFLinkageViewController */,
				A80DE93F2770737E0068AD6E /* ListViewManger */,
				A80DE92B2770736D0068AD6E /* AppDelegate.swift */,
				A80DE92D2770736D0068AD6E /* SceneDelegate.swift */,
				A80DE92F2770736D0068AD6E /* ViewController.swift */,
				A80DE94F2771743E0068AD6E /* TestTableViewController.swift */,
				A80DE9562771AC140068AD6E /* TestCollectionViewController.swift */,
				A80DE9312770736D0068AD6E /* Main.storyboard */,
				A80DE9342770736F0068AD6E /* Assets.xcassets */,
				A80DE9362770736F0068AD6E /* LaunchScreen.storyboard */,
				A80DE9392770736F0068AD6E /* Info.plist */,
			);
			path = HFKit;
			sourceTree = "<group>";
		};
		A80DE93F2770737E0068AD6E /* ListViewManger */ = {
			isa = PBXGroup;
			children = (
				A80DE9402770737E0068AD6E /* ListViewManger.swift */,
				A80DE9412770737E0068AD6E /* MangerCellModel.swift */,
				A80DE9422770737E0068AD6E /* MangerCell.swift */,
			);
			path = ListViewManger;
			sourceTree = "<group>";
		};
		A80DE9432770737E0068AD6E /* HFLinkageViewController */ = {
			isa = PBXGroup;
			children = (
				A80DE9582771B85E0068AD6E /* LinkageFullPageLayout.swift */,
				A80DE9442770737E0068AD6E /* LinkageManger.swift */,
				A80DE94B27707C0E0068AD6E /* LinkageModel.swift */,
				A80DE94927707B040068AD6E /* LinkageViewController.swift */,
				A80DE94D277086B20068AD6E /* LinkageTitleView.swift */,
			);
			path = HFLinkageViewController;
			sourceTree = "<group>";
		};
/* End PBXGroup section */

/* Begin PBXNativeTarget section */
		A80DE9272770736D0068AD6E /* HFKit */ = {
			isa = PBXNativeTarget;
			buildConfigurationList = A80DE93C2770736F0068AD6E /* Build configuration list for PBXNativeTarget "HFKit" */;
			buildPhases = (
				A80DE9242770736D0068AD6E /* Sources */,
				A80DE9252770736D0068AD6E /* Frameworks */,
				A80DE9262770736D0068AD6E /* Resources */,
			);
			buildRules = (
			);
			dependencies = (
			);
			name = HFKit;
			productName = HFKit;
			productReference = A80DE9282770736D0068AD6E /* HFKit.app */;
			productType = "com.apple.product-type.application";
		};
/* End PBXNativeTarget section */

/* Begin PBXProject section */
		A80DE9202770736D0068AD6E /* Project object */ = {
			isa = PBXProject;
			attributes = {
				BuildIndependentTargetsInParallel = 1;
				LastSwiftUpdateCheck = 1310;
				LastUpgradeCheck = 1310;
				TargetAttributes = {
					A80DE9272770736D0068AD6E = {
						CreatedOnToolsVersion = 13.1;
					};
				};
			};
			buildConfigurationList = A80DE9232770736D0068AD6E /* Build configuration list for PBXProject "HFKit" */;
			compatibilityVersion = "Xcode 13.0";
			developmentRegion = en;
			hasScannedForEncodings = 0;
			knownRegions = (
				en,
				Base,
			);
			mainGroup = A80DE91F2770736D0068AD6E;
			productRefGroup = A80DE9292770736D0068AD6E /* Products */;
			projectDirPath = "";
			projectRoot = "";
			targets = (
				A80DE9272770736D0068AD6E /* HFKit */,
			);
		};
/* End PBXProject section */

/* Begin PBXResourcesBuildPhase section */
		A80DE9262770736D0068AD6E /* Resources */ = {
			isa = PBXResourcesBuildPhase;
			buildActionMask = 2147483647;
			files = (
				A80DE9382770736F0068AD6E /* LaunchScreen.storyboard in Resources */,
				A80DE9352770736F0068AD6E /* Assets.xcassets in Resources */,
				A80DE9332770736D0068AD6E /* Main.storyboard in Resources */,
			);
			runOnlyForDeploymentPostprocessing = 0;
		};
/* End PBXResourcesBuildPhase section */

/* Begin PBXSourcesBuildPhase section */
		A80DE9242770736D0068AD6E /* Sources */ = {
			isa = PBXSourcesBuildPhase;
			buildActionMask = 2147483647;
			files = (
				A80DE9502771743E0068AD6E /* TestTableViewController.swift in Sources */,
				A80DE94A27707B040068AD6E /* LinkageViewController.swift in Sources */,
				A80DE9572771AC140068AD6E /* TestCollectionViewController.swift in Sources */,
				A80DE9482770737E0068AD6E /* LinkageManger.swift in Sources */,
				A80DE9302770736D0068AD6E /* ViewController.swift in Sources */,
				A80DE94C27707C0E0068AD6E /* LinkageModel.swift in Sources */,
				A80DE9472770737E0068AD6E /* MangerCell.swift in Sources */,
				A80DE9462770737E0068AD6E /* MangerCellModel.swift in Sources */,
				A80DE9452770737E0068AD6E /* ListViewManger.swift in Sources */,
				A80DE9592771B85E0068AD6E /* LinkageFullPageLayout.swift in Sources */,
				A80DE92C2770736D0068AD6E /* AppDelegate.swift in Sources */,
				A80DE92E2770736D0068AD6E /* SceneDelegate.swift in Sources */,
				A80DE94E277086B20068AD6E /* LinkageTitleView.swift in Sources */,
			);
			runOnlyForDeploymentPostprocessing = 0;
		};
/* End PBXSourcesBuildPhase section */

/* Begin PBXVariantGroup section */
		A80DE9312770736D0068AD6E /* Main.storyboard */ = {
			isa = PBXVariantGroup;
			children = (
				A80DE9322770736D0068AD6E /* Base */,
			);
			name = Main.storyboard;
			sourceTree = "<group>";
		};
		A80DE9362770736F0068AD6E /* LaunchScreen.storyboard */ = {
			isa = PBXVariantGroup;
			children = (
				A80DE9372770736F0068AD6E /* Base */,
			);
			name = LaunchScreen.storyboard;
			sourceTree = "<group>";
		};
/* End PBXVariantGroup section */

/* Begin XCBuildConfiguration section */
		A80DE93A2770736F0068AD6E /* Debug */ = {
			isa = XCBuildConfiguration;
			buildSettings = {
				ALWAYS_SEARCH_USER_PATHS = NO;
				CLANG_ANALYZER_NONNULL = YES;
				CLANG_ANALYZER_NUMBER_OBJECT_CONVERSION = YES_AGGRESSIVE;
				CLANG_CXX_LANGUAGE_STANDARD = "gnu++17";
				CLANG_CXX_LIBRARY = "libc++";
				CLANG_ENABLE_MODULES = YES;
				CLANG_ENABLE_OBJC_ARC = YES;
				CLANG_ENABLE_OBJC_WEAK = YES;
				CLANG_WARN_BLOCK_CAPTURE_AUTORELEASING = YES;
				CLANG_WARN_BOOL_CONVERSION = YES;
				CLANG_WARN_COMMA = YES;
				CLANG_WARN_CONSTANT_CONVERSION = YES;
				CLANG_WARN_DEPRECATED_OBJC_IMPLEMENTATIONS = YES;
				CLANG_WARN_DIRECT_OBJC_ISA_USAGE = YES_ERROR;
				CLANG_WARN_DOCUMENTATION_COMMENTS = YES;
				CLANG_WARN_EMPTY_BODY = YES;
				CLANG_WARN_ENUM_CONVERSION = YES;
				CLANG_WARN_INFINITE_RECURSION = YES;
				CLANG_WARN_INT_CONVERSION = YES;
				CLANG_WARN_NON_LITERAL_NULL_CONVERSION = YES;
				CLANG_WARN_OBJC_IMPLICIT_RETAIN_SELF = YES;
				CLANG_WARN_OBJC_LITERAL_CONVERSION = YES;
				CLANG_WARN_OBJC_ROOT_CLASS = YES_ERROR;
				CLANG_WARN_QUOTED_INCLUDE_IN_FRAMEWORK_HEADER = YES;
				CLANG_WARN_RANGE_LOOP_ANALYSIS = YES;
				CLANG_WARN_STRICT_PROTOTYPES = YES;
				CLANG_WARN_SUSPICIOUS_MOVE = YES;
				CLANG_WARN_UNGUARDED_AVAILABILITY = YES_AGGRESSIVE;
				CLANG_WARN_UNREACHABLE_CODE = YES;
				CLANG_WARN__DUPLICATE_METHOD_MATCH = YES;
				COPY_PHASE_STRIP = NO;
				DEBUG_INFORMATION_FORMAT = dwarf;
				ENABLE_STRICT_OBJC_MSGSEND = YES;
				ENABLE_TESTABILITY = YES;
				GCC_C_LANGUAGE_STANDARD = gnu11;
				GCC_DYNAMIC_NO_PIC = NO;
				GCC_NO_COMMON_BLOCKS = YES;
				GCC_OPTIMIZATION_LEVEL = 0;
				GCC_PREPROCESSOR_DEFINITIONS = (
					"DEBUG=1",
					"$(inherited)",
				);
				GCC_WARN_64_TO_32_BIT_CONVERSION = YES;
				GCC_WARN_ABOUT_RETURN_TYPE = YES_ERROR;
				GCC_WARN_UNDECLARED_SELECTOR = YES;
				GCC_WARN_UNINITIALIZED_AUTOS = YES_AGGRESSIVE;
				GCC_WARN_UNUSED_FUNCTION = YES;
				GCC_WARN_UNUSED_VARIABLE = YES;
				IPHONEOS_DEPLOYMENT_TARGET = 15.0;
				MTL_ENABLE_DEBUG_INFO = INCLUDE_SOURCE;
				MTL_FAST_MATH = YES;
				ONLY_ACTIVE_ARCH = YES;
				SDKROOT = iphoneos;
				SWIFT_ACTIVE_COMPILATION_CONDITIONS = DEBUG;
				SWIFT_OPTIMIZATION_LEVEL = "-Onone";
			};
			name = Debug;
		};
		A80DE93B2770736F0068AD6E /* Release */ = {
			isa = XCBuildConfiguration;
			buildSettings = {
				ALWAYS_SEARCH_USER_PATHS = NO;
				CLANG_ANALYZER_NONNULL = YES;
				CLANG_ANALYZER_NUMBER_OBJECT_CONVERSION = YES_AGGRESSIVE;
				CLANG_CXX_LANGUAGE_STANDARD = "gnu++17";
				CLANG_CXX_LIBRARY = "libc++";
				CLANG_ENABLE_MODULES = YES;
				CLANG_ENABLE_OBJC_ARC = YES;
				CLANG_ENABLE_OBJC_WEAK = YES;
				CLANG_WARN_BLOCK_CAPTURE_AUTORELEASING = YES;
				CLANG_WARN_BOOL_CONVERSION = YES;
				CLANG_WARN_COMMA = YES;
				CLANG_WARN_CONSTANT_CONVERSION = YES;
				CLANG_WARN_DEPRECATED_OBJC_IMPLEMENTATIONS = YES;
				CLANG_WARN_DIRECT_OBJC_ISA_USAGE = YES_ERROR;
				CLANG_WARN_DOCUMENTATION_COMMENTS = YES;
				CLANG_WARN_EMPTY_BODY = YES;
				CLANG_WARN_ENUM_CONVERSION = YES;
				CLANG_WARN_INFINITE_RECURSION = YES;
				CLANG_WARN_INT_CONVERSION = YES;
				CLANG_WARN_NON_LITERAL_NULL_CONVERSION = YES;
				CLANG_WARN_OBJC_IMPLICIT_RETAIN_SELF = YES;
				CLANG_WARN_OBJC_LITERAL_CONVERSION = YES;
				CLANG_WARN_OBJC_ROOT_CLASS = YES_ERROR;
				CLANG_WARN_QUOTED_INCLUDE_IN_FRAMEWORK_HEADER = YES;
				CLANG_WARN_RANGE_LOOP_ANALYSIS = YES;
				CLANG_WARN_STRICT_PROTOTYPES = YES;
				CLANG_WARN_SUSPICIOUS_MOVE = YES;
				CLANG_WARN_UNGUARDED_AVAILABILITY = YES_AGGRESSIVE;
				CLANG_WARN_UNREACHABLE_CODE = YES;
				CLANG_WARN__DUPLICATE_METHOD_MATCH = YES;
				COPY_PHASE_STRIP = NO;
				DEBUG_INFORMATION_FORMAT = "dwarf-with-dsym";
				ENABLE_NS_ASSERTIONS = NO;
				ENABLE_STRICT_OBJC_MSGSEND = YES;
				GCC_C_LANGUAGE_STANDARD = gnu11;
				GCC_NO_COMMON_BLOCKS = YES;
				GCC_WARN_64_TO_32_BIT_CONVERSION = YES;
				GCC_WARN_ABOUT_RETURN_TYPE = YES_ERROR;
				GCC_WARN_UNDECLARED_SELECTOR = YES;
				GCC_WARN_UNINITIALIZED_AUTOS = YES_AGGRESSIVE;
				GCC_WARN_UNUSED_FUNCTION = YES;
				GCC_WARN_UNUSED_VARIABLE = YES;
				IPHONEOS_DEPLOYMENT_TARGET = 15.0;
				MTL_ENABLE_DEBUG_INFO = NO;
				MTL_FAST_MATH = YES;
				SDKROOT = iphoneos;
				SWIFT_COMPILATION_MODE = wholemodule;
				SWIFT_OPTIMIZATION_LEVEL = "-O";
				VALIDATE_PRODUCT = YES;
			};
			name = Release;
		};
		A80DE93D2770736F0068AD6E /* Debug */ = {
			isa = XCBuildConfiguration;
			buildSettings = {
				ASSETCATALOG_COMPILER_APPICON_NAME = AppIcon;
				ASSETCATALOG_COMPILER_GLOBAL_ACCENT_COLOR_NAME = AccentColor;
				CODE_SIGN_STYLE = Automatic;
				CURRENT_PROJECT_VERSION = 1;
				GENERATE_INFOPLIST_FILE = YES;
				INFOPLIST_FILE = HFKit/Info.plist;
				INFOPLIST_KEY_UIApplicationSupportsIndirectInputEvents = YES;
				INFOPLIST_KEY_UILaunchStoryboardName = LaunchScreen;
				INFOPLIST_KEY_UIMainStoryboardFile = Main;
				INFOPLIST_KEY_UISupportedInterfaceOrientations_iPad = "UIInterfaceOrientationPortrait UIInterfaceOrientationPortraitUpsideDown UIInterfaceOrientationLandscapeLeft UIInterfaceOrientationLandscapeRight";
				INFOPLIST_KEY_UISupportedInterfaceOrientations_iPhone = "UIInterfaceOrientationPortrait UIInterfaceOrientationLandscapeLeft UIInterfaceOrientationLandscapeRight";
				LD_RUNPATH_SEARCH_PATHS = (
					"$(inherited)",
					"@executable_path/Frameworks",
				);
				MARKETING_VERSION = 1.0;
				PRODUCT_BUNDLE_IDENTIFIER = helfy.HFKit;
				PRODUCT_NAME = "$(TARGET_NAME)";
				SWIFT_EMIT_LOC_STRINGS = YES;
				SWIFT_VERSION = 5.0;
				TARGETED_DEVICE_FAMILY = "1,2";
			};
			name = Debug;
		};
		A80DE93E2770736F0068AD6E /* Release */ = {
			isa = XCBuildConfiguration;
			buildSettings = {
				ASSETCATALOG_COMPILER_APPICON_NAME = AppIcon;
				ASSETCATALOG_COMPILER_GLOBAL_ACCENT_COLOR_NAME = AccentColor;
				CODE_SIGN_STYLE = Automatic;
				CURRENT_PROJECT_VERSION = 1;
				GENERATE_INFOPLIST_FILE = YES;
				INFOPLIST_FILE = HFKit/Info.plist;
				INFOPLIST_KEY_UIApplicationSupportsIndirectInputEvents = YES;
				INFOPLIST_KEY_UILaunchStoryboardName = LaunchScreen;
				INFOPLIST_KEY_UIMainStoryboardFile = Main;
				INFOPLIST_KEY_UISupportedInterfaceOrientations_iPad = "UIInterfaceOrientationPortrait UIInterfaceOrientationPortraitUpsideDown UIInterfaceOrientationLandscapeLeft UIInterfaceOrientationLandscapeRight";
				INFOPLIST_KEY_UISupportedInterfaceOrientations_iPhone = "UIInterfaceOrientationPortrait UIInterfaceOrientationLandscapeLeft UIInterfaceOrientationLandscapeRight";
				LD_RUNPATH_SEARCH_PATHS = (
					"$(inherited)",
					"@executable_path/Frameworks",
				);
				MARKETING_VERSION = 1.0;
				PRODUCT_BUNDLE_IDENTIFIER = helfy.HFKit;
				PRODUCT_NAME = "$(TARGET_NAME)";
				SWIFT_EMIT_LOC_STRINGS = YES;
				SWIFT_VERSION = 5.0;
				TARGETED_DEVICE_FAMILY = "1,2";
			};
			name = Release;
		};
/* End XCBuildConfiguration section */

/* Begin XCConfigurationList section */
		A80DE9232770736D0068AD6E /* Build configuration list for PBXProject "HFKit" */ = {
			isa = XCConfigurationList;
			buildConfigurations = (
				A80DE93A2770736F0068AD6E /* Debug */,
				A80DE93B2770736F0068AD6E /* Release */,
			);
			defaultConfigurationIsVisible = 0;
			defaultConfigurationName = Release;
		};
		A80DE93C2770736F0068AD6E /* Build configuration list for PBXNativeTarget "HFKit" */ = {
			isa = XCConfigurationList;
			buildConfigurations = (
				A80DE93D2770736F0068AD6E /* Debug */,
				A80DE93E2770736F0068AD6E /* Release */,
			);
			defaultConfigurationIsVisible = 0;
			defaultConfigurationName = Release;
		};
/* End XCConfigurationList section */
	};
	rootObject = A80DE9202770736D0068AD6E /* Project object */;
}
